
Microsoft Visual Studio Solution File, Format Version 12.00
# Visual Studio Version 16
VisualStudioVersion = 16.0.29324.140
MinimumVisualStudioVersion = 10.0.40219.1
Project("{F184B08F-C81C-45F6-A57F-5ABD9991F28F}") = "WindowsApp1", "WindowsApp1\WindowsApp1.vbproj", "{804A2FAF-1DB9-40FB-87EA-9E57A45BC978}"
EndProject
Global
	GlobalSection(SolutionConfigurationPlatforms) = preSolution
		Debug|Any CPU = Debug|Any CPU
		Release|Any CPU = Release|Any CPU
	EndGlobalSection
	GlobalSection(ProjectConfigurationPlatforms) = postSolution
		{804A2FAF-1DB9-40FB-87EA-9E57A45BC978}.Debug|Any CPU.ActiveCfg = Debug|Any CPU
		{804A2FAF-1DB9-40FB-87EA-9E57A45BC978}.Debug|Any CPU.Build.0 = Debug|Any CPU
		{804A2FAF-1DB9-40FB-87EA-9E57A45BC978}.Release|Any CPU.ActiveCfg = Release|Any CPU
		{804A2FAF-1DB9-40FB-87EA-9E57A45BC978}.Release|Any CPU.Build.0 = Release|Any CPU
	EndGlobalSection
	GlobalSection(SolutionProperties) = preSolution
		HideSolutionNode = FALSE
	EndGlobalSection
	GlobalSection(ExtensibilityGlobals) = postSolution
		SolutionGuid = {AD1B2588-2BA5-4FB6-842C-67F1F61DDB6C}
	EndGlobalSection
EndGlobal
