
Microsoft Visual Studio Solution File, Format Version 12.00
# Visual Studio Version 16
VisualStudioVersion = 16.0.29519.87
MinimumVisualStudioVersion = 10.0.40219.1
Project("{FAE04EC0-301F-11D3-BF4B-00C04F79EFBC}") = "DuarteJJ.Website", "DuarteJJ.Website\DuarteJJ.Website.csproj", "{652117BA-79B0-450C-B7FE-96543069AE32}"
EndProject
Global
	GlobalSection(SolutionConfigurationPlatforms) = preSolution
		Debug|Any CPU = Debug|Any CPU
		Release|Any CPU = Release|Any CPU
	EndGlobalSection
	GlobalSection(ProjectConfigurationPlatforms) = postSolution
		{652117BA-79B0-450C-B7FE-96543069AE32}.Debug|Any CPU.ActiveCfg = Debug|Any CPU
		{652117BA-79B0-450C-B7FE-96543069AE32}.Debug|Any CPU.Build.0 = Debug|Any CPU
		{652117BA-79B0-450C-B7FE-96543069AE32}.Release|Any CPU.ActiveCfg = Release|Any CPU
		{652117BA-79B0-450C-B7FE-96543069AE32}.Release|Any CPU.Build.0 = Release|Any CPU
	EndGlobalSection
	GlobalSection(SolutionProperties) = preSolution
		HideSolutionNode = FALSE
	EndGlobalSection
	GlobalSection(ExtensibilityGlobals) = postSolution
		SolutionGuid = {36D8E5D1-1136-4421-B99B-C8DD980D6779}
	EndGlobalSection
EndGlobal
